
Microsoft Visual Studio Solution File, Format Version 12.00
Project("{FAE04EC0-301F-11D3-BF4B-00C04F79EFBC}") = "CoursesAPI", "CoursesAPI\CoursesAPI.csproj", "{E624DDD3-B215-4E11-862F-DF8EC715B7AF}"
EndProject
Global
	GlobalSection(SolutionConfigurationPlatforms) = preSolution
		Debug|Any CPU = Debug|Any CPU
		Release|Any CPU = Release|Any CPU
	EndGlobalSection
	GlobalSection(ProjectConfigurationPlatforms) = postSolution
		{E624DDD3-B215-4E11-862F-DF8EC715B7AF}.Debug|Any CPU.ActiveCfg = Debug|Any CPU
		{E624DDD3-B215-4E11-862F-DF8EC715B7AF}.Debug|Any CPU.Build.0 = Debug|Any CPU
		{E624DDD3-B215-4E11-862F-DF8EC715B7AF}.Release|Any CPU.ActiveCfg = Release|Any CPU
		{E624DDD3-B215-4E11-862F-DF8EC715B7AF}.Release|Any CPU.Build.0 = Release|Any CPU
	EndGlobalSection
EndGlobal
